
Microsoft Visual Studio Solution File, Format Version 12.00
# Visual Studio Version 17
VisualStudioVersion = 17.4.33205.214
MinimumVisualStudioVersion = 10.0.40219.1
Project("{FAE04EC0-301F-11D3-BF4B-00C04F79EFBC}") = "ArctisCeleSwitcher", "ArctisCeleSwitcher\ArctisCeleSwitcher.csproj", "{F45DE554-7039-4BD8-BDA8-516FADAEC76D}"
EndProject
Global
	GlobalSection(SolutionConfigurationPlatforms) = preSolution
		Debug|Any CPU = Debug|Any CPU
		Release|Any CPU = Release|Any CPU
	EndGlobalSection
	GlobalSection(ProjectConfigurationPlatforms) = postSolution
		{F45DE554-7039-4BD8-BDA8-516FADAEC76D}.Debug|Any CPU.ActiveCfg = Debug|Any CPU
		{F45DE554-7039-4BD8-BDA8-516FADAEC76D}.Debug|Any CPU.Build.0 = Debug|Any CPU
		{F45DE554-7039-4BD8-BDA8-516FADAEC76D}.Release|Any CPU.ActiveCfg = Release|Any CPU
		{F45DE554-7039-4BD8-BDA8-516FADAEC76D}.Release|Any CPU.Build.0 = Release|Any CPU
	EndGlobalSection
	GlobalSection(SolutionProperties) = preSolution
		HideSolutionNode = FALSE
	EndGlobalSection
	GlobalSection(ExtensibilityGlobals) = postSolution
		SolutionGuid = {3A637A00-8CA6-44EE-9C28-51D49EB10ABB}
	EndGlobalSection
EndGlobal
